
Microsoft Visual Studio Solution File, Format Version 12.00
# Visual Studio 15
VisualStudioVersion = 15.0.28010.2050
MinimumVisualStudioVersion = 10.0.40219.1
Project("{FAE04EC0-301F-11D3-BF4B-00C04F79EFBC}") = "ComicBookGallery", "ComicBookGallery\ComicBookGallery.csproj", "{AD932AD4-FBC5-4C25-B8DF-B6D779802F8D}"
EndProject
Global
	GlobalSection(SolutionConfigurationPlatforms) = preSolution
		Debug|Any CPU = Debug|Any CPU
		Release|Any CPU = Release|Any CPU
	EndGlobalSection
	GlobalSection(ProjectConfigurationPlatforms) = postSolution
		{AD932AD4-FBC5-4C25-B8DF-B6D779802F8D}.Debug|Any CPU.ActiveCfg = Debug|Any CPU
		{AD932AD4-FBC5-4C25-B8DF-B6D779802F8D}.Debug|Any CPU.Build.0 = Debug|Any CPU
		{AD932AD4-FBC5-4C25-B8DF-B6D779802F8D}.Release|Any CPU.ActiveCfg = Release|Any CPU
		{AD932AD4-FBC5-4C25-B8DF-B6D779802F8D}.Release|Any CPU.Build.0 = Release|Any CPU
	EndGlobalSection
	GlobalSection(SolutionProperties) = preSolution
		HideSolutionNode = FALSE
	EndGlobalSection
	GlobalSection(ExtensibilityGlobals) = postSolution
		SolutionGuid = {69A08B0E-F2CF-49B7-A411-38D91BD8436B}
	EndGlobalSection
EndGlobal
